
Microsoft Visual Studio Solution File, Format Version 12.00
Project("{FAE04EC0-301F-11D3-BF4B-00C04F79EFBC}") = "BookingApi", "BookingApi.csproj", "{848BD261-3DAF-4B51-97E3-38182C865F96}"
EndProject
Global
	GlobalSection(SolutionConfigurationPlatforms) = preSolution
		Debug|Any CPU = Debug|Any CPU
		Release|Any CPU = Release|Any CPU
	EndGlobalSection
	GlobalSection(ProjectConfigurationPlatforms) = postSolution
		{848BD261-3DAF-4B51-97E3-38182C865F96}.Debug|Any CPU.ActiveCfg = Debug|Any CPU
		{848BD261-3DAF-4B51-97E3-38182C865F96}.Debug|Any CPU.Build.0 = Debug|Any CPU
		{848BD261-3DAF-4B51-97E3-38182C865F96}.Release|Any CPU.ActiveCfg = Release|Any CPU
		{848BD261-3DAF-4B51-97E3-38182C865F96}.Release|Any CPU.Build.0 = Release|Any CPU
	EndGlobalSection
EndGlobal
